
Microsoft Visual Studio Solution File, Format Version 12.00
# Visual Studio Version 17
VisualStudioVersion = 17.13.35931.197 d17.13
MinimumVisualStudioVersion = 10.0.40219.1
Project("{FAE04EC0-301F-11D3-BF4B-00C04F79EFBC}") = "HospitalManagementSystem", "HospitalManagementSystem\HospitalManagementSystem.csproj", "{C313EC4A-D273-4C12-9573-86697A124125}"
EndProject
Project("{FAE04EC0-301F-11D3-BF4B-00C04F79EFBC}") = "HospitalManagementSystem.BusinessLogic", "HospitalManagementSystem.BusinessLogic\HospitalManagementSystem.BusinessLogic.csproj", "{0785C4AA-C293-45AD-991D-10FBE8DEE6DF}"
EndProject
Project("{FAE04EC0-301F-11D3-BF4B-00C04F79EFBC}") = "HospitalManagementSystem.Repository", "HospitalManagementSystem.Repository\HospitalManagementSystem.Repository.csproj", "{53F19A7E-B592-45EB-8143-3CBAA4D68B50}"
EndProject
Global
	GlobalSection(SolutionConfigurationPlatforms) = preSolution
		Debug|Any CPU = Debug|Any CPU
		Release|Any CPU = Release|Any CPU
	EndGlobalSection
	GlobalSection(ProjectConfigurationPlatforms) = postSolution
		{C313EC4A-D273-4C12-9573-86697A124125}.Debug|Any CPU.ActiveCfg = Debug|Any CPU
		{C313EC4A-D273-4C12-9573-86697A124125}.Debug|Any CPU.Build.0 = Debug|Any CPU
		{C313EC4A-D273-4C12-9573-86697A124125}.Release|Any CPU.ActiveCfg = Release|Any CPU
		{C313EC4A-D273-4C12-9573-86697A124125}.Release|Any CPU.Build.0 = Release|Any CPU
		{0785C4AA-C293-45AD-991D-10FBE8DEE6DF}.Debug|Any CPU.ActiveCfg = Debug|Any CPU
		{0785C4AA-C293-45AD-991D-10FBE8DEE6DF}.Debug|Any CPU.Build.0 = Debug|Any CPU
		{0785C4AA-C293-45AD-991D-10FBE8DEE6DF}.Release|Any CPU.ActiveCfg = Release|Any CPU
		{0785C4AA-C293-45AD-991D-10FBE8DEE6DF}.Release|Any CPU.Build.0 = Release|Any CPU
		{53F19A7E-B592-45EB-8143-3CBAA4D68B50}.Debug|Any CPU.ActiveCfg = Debug|Any CPU
		{53F19A7E-B592-45EB-8143-3CBAA4D68B50}.Debug|Any CPU.Build.0 = Debug|Any CPU
		{53F19A7E-B592-45EB-8143-3CBAA4D68B50}.Release|Any CPU.ActiveCfg = Release|Any CPU
		{53F19A7E-B592-45EB-8143-3CBAA4D68B50}.Release|Any CPU.Build.0 = Release|Any CPU
	EndGlobalSection
	GlobalSection(SolutionProperties) = preSolution
		HideSolutionNode = FALSE
	EndGlobalSection
	GlobalSection(ExtensibilityGlobals) = postSolution
		SolutionGuid = {1CB0C320-EFC5-4ED4-BA2A-C2A99329D77A}
	EndGlobalSection
EndGlobal
